
Microsoft Visual Studio Solution File, Format Version 12.00
# Visual Studio Version 16
VisualStudioVersion = 16.0.28729.10
MinimumVisualStudioVersion = 10.0.40219.1
Project("{FAE04EC0-301F-11D3-BF4B-00C04F79EFBC}") = "Example", "Example\Example.csproj", "{379A05F5-F363-47A7-8FAC-F0146768579F}"
EndProject
Global
	GlobalSection(SolutionConfigurationPlatforms) = preSolution
		Debug|Any CPU = Debug|Any CPU
		Release|Any CPU = Release|Any CPU
	EndGlobalSection
	GlobalSection(ProjectConfigurationPlatforms) = postSolution
		{379A05F5-F363-47A7-8FAC-F0146768579F}.Debug|Any CPU.ActiveCfg = Debug|Any CPU
		{379A05F5-F363-47A7-8FAC-F0146768579F}.Debug|Any CPU.Build.0 = Debug|Any CPU
		{379A05F5-F363-47A7-8FAC-F0146768579F}.Release|Any CPU.ActiveCfg = Release|Any CPU
		{379A05F5-F363-47A7-8FAC-F0146768579F}.Release|Any CPU.Build.0 = Release|Any CPU
	EndGlobalSection
	GlobalSection(SolutionProperties) = preSolution
		HideSolutionNode = FALSE
	EndGlobalSection
	GlobalSection(ExtensibilityGlobals) = postSolution
		SolutionGuid = {FCFE298E-319D-43BD-90E8-0248E555F40E}
	EndGlobalSection
EndGlobal
